<Solution>
  <Project Path="PaperlessREST/PaperlessREST.csproj" />
  <Project Path="PaperlessServices/PaperlessServices.csproj" />
  <Project Path="PaperlessREST.Tests/PaperlessREST.Tests.csproj" />
  <Project Path="PaperlessServices.Tests/PaperlessServices.Tests.csproj" />
  <Project Path="Paperless.TestSupport/Paperless.TestSupport.csproj" />
  <Project Path="Pipeline/Build.csproj" />
</Solution>
